
Microsoft Visual Studio Solution File, Format Version 12.00
# Visual Studio 15
VisualStudioVersion = 15.0.28010.2048
MinimumVisualStudioVersion = 10.0.40219.1
Project("{FAE04EC0-301F-11D3-BF4B-00C04F79EFBC}") = "MySQL_Sample", "MySQL_Sample\MySQL_Sample.csproj", "{FB479F80-4C7E-4EA2-8B56-8E25C8184D95}"
EndProject
Global
	GlobalSection(SolutionConfigurationPlatforms) = preSolution
		Debug|Any CPU = Debug|Any CPU
		Release|Any CPU = Release|Any CPU
	EndGlobalSection
	GlobalSection(ProjectConfigurationPlatforms) = postSolution
		{FB479F80-4C7E-4EA2-8B56-8E25C8184D95}.Debug|Any CPU.ActiveCfg = Debug|Any CPU
		{FB479F80-4C7E-4EA2-8B56-8E25C8184D95}.Debug|Any CPU.Build.0 = Debug|Any CPU
		{FB479F80-4C7E-4EA2-8B56-8E25C8184D95}.Release|Any CPU.ActiveCfg = Release|Any CPU
		{FB479F80-4C7E-4EA2-8B56-8E25C8184D95}.Release|Any CPU.Build.0 = Release|Any CPU
	EndGlobalSection
	GlobalSection(SolutionProperties) = preSolution
		HideSolutionNode = FALSE
	EndGlobalSection
	GlobalSection(ExtensibilityGlobals) = postSolution
		SolutionGuid = {EFDAE73C-1489-45F0-9066-E789BFC3663A}
	EndGlobalSection
EndGlobal
